
Microsoft Visual Studio Solution File, Format Version 12.00
# Visual Studio Version 17
VisualStudioVersion = 17.5.33530.505
MinimumVisualStudioVersion = 10.0.40219.1
Project("{9A19103F-16F7-4668-BE54-9A1E7A4F7556}") = "ExemploBancoDados", "ExemploBancoDados\ExemploBancoDados.csproj", "{D9274C10-BB2A-46BA-B3DC-F84C4B101205}"
EndProject
Project("{2150E333-8FDC-42A3-9474-1A3956D46DE8}") = "Solution Items", "Solution Items", "{308C0EE3-931A-47E6-B746-7BFBB1E47787}"
	ProjectSection(SolutionItems) = preProject
		.editorconfig = .editorconfig
	EndProjectSection
EndProject
Global
	GlobalSection(SolutionConfigurationPlatforms) = preSolution
		Debug|Any CPU = Debug|Any CPU
		Release|Any CPU = Release|Any CPU
	EndGlobalSection
	GlobalSection(ProjectConfigurationPlatforms) = postSolution
		{D9274C10-BB2A-46BA-B3DC-F84C4B101205}.Debug|Any CPU.ActiveCfg = Debug|Any CPU
		{D9274C10-BB2A-46BA-B3DC-F84C4B101205}.Debug|Any CPU.Build.0 = Debug|Any CPU
		{D9274C10-BB2A-46BA-B3DC-F84C4B101205}.Release|Any CPU.ActiveCfg = Release|Any CPU
		{D9274C10-BB2A-46BA-B3DC-F84C4B101205}.Release|Any CPU.Build.0 = Release|Any CPU
	EndGlobalSection
	GlobalSection(SolutionProperties) = preSolution
		HideSolutionNode = FALSE
	EndGlobalSection
	GlobalSection(ExtensibilityGlobals) = postSolution
		SolutionGuid = {6C341BB5-5338-4A87-B185-2C7F1AE5937C}
	EndGlobalSection
EndGlobal
